
Microsoft Visual Studio Solution File, Format Version 12.00
# Visual Studio Version 17
VisualStudioVersion = 17.3.32901.215
MinimumVisualStudioVersion = 10.0.40219.1
Project("{FAE04EC0-301F-11D3-BF4B-00C04F79EFBC}") = "MusicPlayer", "MusicPlayer\MusicPlayer.csproj", "{C75949AE-A092-4FA5-AA2E-24EA61CE6F60}"
EndProject
Global
	GlobalSection(SolutionConfigurationPlatforms) = preSolution
		Debug|Any CPU = Debug|Any CPU
		Release|Any CPU = Release|Any CPU
	EndGlobalSection
	GlobalSection(ProjectConfigurationPlatforms) = postSolution
		{C75949AE-A092-4FA5-AA2E-24EA61CE6F60}.Debug|Any CPU.ActiveCfg = Debug|Any CPU
		{C75949AE-A092-4FA5-AA2E-24EA61CE6F60}.Debug|Any CPU.Build.0 = Debug|Any CPU
		{C75949AE-A092-4FA5-AA2E-24EA61CE6F60}.Release|Any CPU.ActiveCfg = Release|Any CPU
		{C75949AE-A092-4FA5-AA2E-24EA61CE6F60}.Release|Any CPU.Build.0 = Release|Any CPU
	EndGlobalSection
	GlobalSection(SolutionProperties) = preSolution
		HideSolutionNode = FALSE
	EndGlobalSection
	GlobalSection(ExtensibilityGlobals) = postSolution
		SolutionGuid = {E93C5F8F-4A94-4446-BF83-39EF5ED47C19}
	EndGlobalSection
EndGlobal
